{
  "name": "fused-gaming-tools",
  "version": "1.0.0",
  "lockfileVersion": 3,
  "requires": true,
  "packages": {
    "": {
      "name": "fused-gaming-tools",
      "version": "1.0.0",
      "private": true,
      "engines": {
        "node": ">=18.0.0"
      }
    }
  },
  "metadata": {
    "timestamp": "2026-09-30T06:50:00Z",
    "source": "https://github.com/Fused-Gaming/tools",
    "revision": "b2dc419",
    "integrity": "sha256-TOOLS-v1.0.0",
    "dependencies": {
      "skills": {
        "repository": "https://github.com/Fused-Gaming/skills",
        "version": "1.0.0",
        "required": false,
        "status": "pinned"
      },
      "agents": {
        "repository": "https://github.com/Fused-Gaming/agents",
        "version": "1.0.0",
        "required": false,
        "status": "pinned"
      }
    },
    "verification": {
      "license": "Apache-2.0 + Non-Commercial",
      "copyright": "Fused Gaming",
      "secure": true,
      "deterministic": true,
      "tools": 28,
      "categories": 16
    }
  }
}
